
Microsoft Visual Studio Solution File, Format Version 12.00
# Visual Studio Version 17
VisualStudioVersion = 17.8.34330.188
MinimumVisualStudioVersion = 10.0.40219.1
Project("{888888A0-9F3D-457C-B088-3A5042F75D52}") = "CIS261 InvoiceLineItemCalculator1", "CIS261 InvoiceLineItemCalculator1.pyproj", "{CEB658A4-5819-4E59-8C0A-885A3C23E3CA}"
EndProject
Global
	GlobalSection(SolutionConfigurationPlatforms) = preSolution
		Debug|Any CPU = Debug|Any CPU
		Release|Any CPU = Release|Any CPU
	EndGlobalSection
	GlobalSection(ProjectConfigurationPlatforms) = postSolution
		{CEB658A4-5819-4E59-8C0A-885A3C23E3CA}.Debug|Any CPU.ActiveCfg = Debug|Any CPU
		{CEB658A4-5819-4E59-8C0A-885A3C23E3CA}.Release|Any CPU.ActiveCfg = Release|Any CPU
	EndGlobalSection
	GlobalSection(SolutionProperties) = preSolution
		HideSolutionNode = FALSE
	EndGlobalSection
	GlobalSection(ExtensibilityGlobals) = postSolution
		SolutionGuid = {DB3D5767-9FF7-4588-B1B9-79B1661E02DE}
	EndGlobalSection
EndGlobal
